# THIS IS AN AUTOGENERATED FILE. DO NOT EDIT THIS FILE DIRECTLY.
# yarn lockfile v1


core-js@^3.11.0:
  version "3.11.0"
  resolved "https://registry.yarnpkg.com/core-js/-/core-js-3.11.0.tgz#05dac6aa70c0a4ad842261f8957b961d36eb8926"
  integrity sha512-bd79DPpx+1Ilh9+30aT5O1sgpQd4Ttg8oqkqi51ZzhedMM1omD2e6IOF48Z/DzDCZ2svp49tN/3vneTK6ZBkXw==

regenerator-runtime@^0.13.7:
  version "0.13.7"
  resolved "https://registry.yarnpkg.com/regenerator-runtime/-/regenerator-runtime-0.13.7.tgz#cac2dacc8a1ea675feaabaeb8ae833898ae46f55"
  integrity sha512-a54FxoJDIr27pgf7IgeQGxmqUNYrcV338lf/6gH456HZ/PhX+5BcwHXG9ajESmwe6WRO0tAzRUrRmNONWgkrew==
